
Microsoft Visual Studio Solution File, Format Version 12.00
# Visual Studio Version 17
VisualStudioVersion = 17.11.35303.130
MinimumVisualStudioVersion = 10.0.40219.1
Project("{9A19103F-16F7-4668-BE54-9A1E7A4F7556}") = "ComplexBessel", "ComplexBessel\ComplexBessel.csproj", "{D99B1853-1A26-43DE-9F67-86039C0921BE}"
EndProject
Project("{9A19103F-16F7-4668-BE54-9A1E7A4F7556}") = "ComplexBesselTests", "ComplexBesselTests\ComplexBesselTests.csproj", "{5171B216-2757-48A8-8D46-ED2FBD6B9753}"
	ProjectSection(ProjectDependencies) = postProject
		{D99B1853-1A26-43DE-9F67-86039C0921BE} = {D99B1853-1A26-43DE-9F67-86039C0921BE}
	EndProjectSection
EndProject
Project("{9A19103F-16F7-4668-BE54-9A1E7A4F7556}") = "ComplexBesselBenchmark", "ComplexBesselBenchmark\ComplexBesselBenchmark.csproj", "{20C9E2C9-E587-4427-B649-EFFBD5821FEE}"
	ProjectSection(ProjectDependencies) = postProject
		{D99B1853-1A26-43DE-9F67-86039C0921BE} = {D99B1853-1A26-43DE-9F67-86039C0921BE}
	EndProjectSection
EndProject
Project("{888888A0-9F3D-457C-B088-3A5042F75D52}") = "VisBenchmark", "VisBenchmark\VisBenchmark.pyproj", "{7ED18429-0E89-4FF2-A614-150A8BA208A6}"
EndProject
Project("{888888A0-9F3D-457C-B088-3A5042F75D52}") = "MpmathExpected", "MpmathExpected\MpmathExpected.pyproj", "{9B8377FD-9E5F-4705-AA2D-BC6BAAEDC917}"
EndProject
Project("{9A19103F-16F7-4668-BE54-9A1E7A4F7556}") = "ComplexBesselPowerSeriesRange", "ComplexBesselPowerSeriesRange\ComplexBesselPowerSeriesRange.csproj", "{94023F7E-9762-4B0C-99C2-AC13AD0FE9F6}"
EndProject
Project("{9A19103F-16F7-4668-BE54-9A1E7A4F7556}") = "ComplexBesselSandbox", "ComplexBesselSandbox\ComplexBesselSandbox.csproj", "{C4B9DC8B-0595-4BD0-B41C-447F010BF1C9}"
EndProject
Project("{9A19103F-16F7-4668-BE54-9A1E7A4F7556}") = "DDoubleComplexBessel", "DDoubleComplexBessel\DDoubleComplexBessel.csproj", "{0197D371-77D7-4DFE-858A-EBB92B528072}"
	ProjectSection(ProjectDependencies) = postProject
		{D99B1853-1A26-43DE-9F67-86039C0921BE} = {D99B1853-1A26-43DE-9F67-86039C0921BE}
	EndProjectSection
EndProject
Project("{9A19103F-16F7-4668-BE54-9A1E7A4F7556}") = "DDoubleComplexBesselBenchmark", "DDoubleComplexBesselBenchmark\DDoubleComplexBesselBenchmark.csproj", "{9B4416CF-C714-45DE-B684-B6F4D0B39E1A}"
	ProjectSection(ProjectDependencies) = postProject
		{0197D371-77D7-4DFE-858A-EBB92B528072} = {0197D371-77D7-4DFE-858A-EBB92B528072}
	EndProjectSection
EndProject
Project("{9A19103F-16F7-4668-BE54-9A1E7A4F7556}") = "DDoubleComplexBesselTests", "DDoubleComplexBesselTests\DDoubleComplexBesselTests.csproj", "{BD8B7B77-314D-4FD2-B5EE-FC00272A97C1}"
	ProjectSection(ProjectDependencies) = postProject
		{0197D371-77D7-4DFE-858A-EBB92B528072} = {0197D371-77D7-4DFE-858A-EBB92B528072}
		{D99B1853-1A26-43DE-9F67-86039C0921BE} = {D99B1853-1A26-43DE-9F67-86039C0921BE}
	EndProjectSection
EndProject
Project("{FAE04EC0-301F-11D3-BF4B-00C04F79EFBC}") = "ComplexBesselMillerBackwardIteration", "ComplexBesselMillerBackwardIteration\ComplexBesselMillerBackwardIteration.csproj", "{ACB6E77B-123F-49C6-A7EC-6850E3ABF634}"
EndProject
Global
	GlobalSection(SolutionConfigurationPlatforms) = preSolution
		Debug|Any CPU = Debug|Any CPU
		Release|Any CPU = Release|Any CPU
	EndGlobalSection
	GlobalSection(ProjectConfigurationPlatforms) = postSolution
		{D99B1853-1A26-43DE-9F67-86039C0921BE}.Debug|Any CPU.ActiveCfg = Debug|Any CPU
		{D99B1853-1A26-43DE-9F67-86039C0921BE}.Debug|Any CPU.Build.0 = Debug|Any CPU
		{D99B1853-1A26-43DE-9F67-86039C0921BE}.Release|Any CPU.ActiveCfg = Release|Any CPU
		{D99B1853-1A26-43DE-9F67-86039C0921BE}.Release|Any CPU.Build.0 = Release|Any CPU
		{5171B216-2757-48A8-8D46-ED2FBD6B9753}.Debug|Any CPU.ActiveCfg = Debug|Any CPU
		{5171B216-2757-48A8-8D46-ED2FBD6B9753}.Debug|Any CPU.Build.0 = Debug|Any CPU
		{5171B216-2757-48A8-8D46-ED2FBD6B9753}.Release|Any CPU.ActiveCfg = Release|Any CPU
		{5171B216-2757-48A8-8D46-ED2FBD6B9753}.Release|Any CPU.Build.0 = Release|Any CPU
		{20C9E2C9-E587-4427-B649-EFFBD5821FEE}.Debug|Any CPU.ActiveCfg = Debug|Any CPU
		{20C9E2C9-E587-4427-B649-EFFBD5821FEE}.Debug|Any CPU.Build.0 = Debug|Any CPU
		{20C9E2C9-E587-4427-B649-EFFBD5821FEE}.Release|Any CPU.ActiveCfg = Release|Any CPU
		{20C9E2C9-E587-4427-B649-EFFBD5821FEE}.Release|Any CPU.Build.0 = Release|Any CPU
		{7ED18429-0E89-4FF2-A614-150A8BA208A6}.Debug|Any CPU.ActiveCfg = Debug|Any CPU
		{7ED18429-0E89-4FF2-A614-150A8BA208A6}.Release|Any CPU.ActiveCfg = Release|Any CPU
		{9B8377FD-9E5F-4705-AA2D-BC6BAAEDC917}.Debug|Any CPU.ActiveCfg = Debug|Any CPU
		{9B8377FD-9E5F-4705-AA2D-BC6BAAEDC917}.Release|Any CPU.ActiveCfg = Release|Any CPU
		{94023F7E-9762-4B0C-99C2-AC13AD0FE9F6}.Debug|Any CPU.ActiveCfg = Debug|Any CPU
		{94023F7E-9762-4B0C-99C2-AC13AD0FE9F6}.Debug|Any CPU.Build.0 = Debug|Any CPU
		{94023F7E-9762-4B0C-99C2-AC13AD0FE9F6}.Release|Any CPU.ActiveCfg = Release|Any CPU
		{94023F7E-9762-4B0C-99C2-AC13AD0FE9F6}.Release|Any CPU.Build.0 = Release|Any CPU
		{C4B9DC8B-0595-4BD0-B41C-447F010BF1C9}.Debug|Any CPU.ActiveCfg = Debug|Any CPU
		{C4B9DC8B-0595-4BD0-B41C-447F010BF1C9}.Debug|Any CPU.Build.0 = Debug|Any CPU
		{C4B9DC8B-0595-4BD0-B41C-447F010BF1C9}.Release|Any CPU.ActiveCfg = Release|Any CPU
		{C4B9DC8B-0595-4BD0-B41C-447F010BF1C9}.Release|Any CPU.Build.0 = Release|Any CPU
		{0197D371-77D7-4DFE-858A-EBB92B528072}.Debug|Any CPU.ActiveCfg = Debug|Any CPU
		{0197D371-77D7-4DFE-858A-EBB92B528072}.Debug|Any CPU.Build.0 = Debug|Any CPU
		{0197D371-77D7-4DFE-858A-EBB92B528072}.Release|Any CPU.ActiveCfg = Release|Any CPU
		{0197D371-77D7-4DFE-858A-EBB92B528072}.Release|Any CPU.Build.0 = Release|Any CPU
		{9B4416CF-C714-45DE-B684-B6F4D0B39E1A}.Debug|Any CPU.ActiveCfg = Debug|Any CPU
		{9B4416CF-C714-45DE-B684-B6F4D0B39E1A}.Debug|Any CPU.Build.0 = Debug|Any CPU
		{9B4416CF-C714-45DE-B684-B6F4D0B39E1A}.Release|Any CPU.ActiveCfg = Release|Any CPU
		{9B4416CF-C714-45DE-B684-B6F4D0B39E1A}.Release|Any CPU.Build.0 = Release|Any CPU
		{BD8B7B77-314D-4FD2-B5EE-FC00272A97C1}.Debug|Any CPU.ActiveCfg = Debug|Any CPU
		{BD8B7B77-314D-4FD2-B5EE-FC00272A97C1}.Debug|Any CPU.Build.0 = Debug|Any CPU
		{BD8B7B77-314D-4FD2-B5EE-FC00272A97C1}.Release|Any CPU.ActiveCfg = Release|Any CPU
		{BD8B7B77-314D-4FD2-B5EE-FC00272A97C1}.Release|Any CPU.Build.0 = Release|Any CPU
		{ACB6E77B-123F-49C6-A7EC-6850E3ABF634}.Debug|Any CPU.ActiveCfg = Debug|Any CPU
		{ACB6E77B-123F-49C6-A7EC-6850E3ABF634}.Debug|Any CPU.Build.0 = Debug|Any CPU
		{ACB6E77B-123F-49C6-A7EC-6850E3ABF634}.Release|Any CPU.ActiveCfg = Release|Any CPU
		{ACB6E77B-123F-49C6-A7EC-6850E3ABF634}.Release|Any CPU.Build.0 = Release|Any CPU
	EndGlobalSection
	GlobalSection(SolutionProperties) = preSolution
		HideSolutionNode = FALSE
	EndGlobalSection
	GlobalSection(ExtensibilityGlobals) = postSolution
		SolutionGuid = {75F79A0A-B0BB-4FF6-A087-2C9DDE412B07}
	EndGlobalSection
EndGlobal
